
Microsoft Visual Studio Solution File, Format Version 12.00
# Visual Studio 14
VisualStudioVersion = 14.0.25420.1
MinimumVisualStudioVersion = 10.0.40219.1
Project("{FAE04EC0-301F-11D3-BF4B-00C04F79EFBC}") = "LeapYear", "LeapYear\LeapYear.csproj", "{DC8A5CC0-5674-44B3-92A2-E1E5C92E5043}"
EndProject
Project("{FAE04EC0-301F-11D3-BF4B-00C04F79EFBC}") = "RandomNumber", "RandomNumber\RandomNumber.csproj", "{4F5C4669-7067-448A-B0FE-C3B0199BD060}"
EndProject
Project("{FAE04EC0-301F-11D3-BF4B-00C04F79EFBC}") = "DayOfWeek", "DayOfWeek\DayOfWeek.csproj", "{29E30B30-3878-46DF-8B36-A1029A53307F}"
EndProject
Project("{FAE04EC0-301F-11D3-BF4B-00C04F79EFBC}") = "TriangleSurface", "TriangleSurface\TriangleSurface.csproj", "{A6A10BB2-5A02-484A-8FD1-5FC719EA9D77}"
EndProject
Project("{FAE04EC0-301F-11D3-BF4B-00C04F79EFBC}") = "Messages", "Messages\Messages.csproj", "{37B8AB1E-3CFF-44F8-96A9-35020722C214}"
EndProject
Global
	GlobalSection(SolutionConfigurationPlatforms) = preSolution
		Debug|Any CPU = Debug|Any CPU
		Release|Any CPU = Release|Any CPU
	EndGlobalSection
	GlobalSection(ProjectConfigurationPlatforms) = postSolution
		{DC8A5CC0-5674-44B3-92A2-E1E5C92E5043}.Debug|Any CPU.ActiveCfg = Debug|Any CPU
		{DC8A5CC0-5674-44B3-92A2-E1E5C92E5043}.Debug|Any CPU.Build.0 = Debug|Any CPU
		{DC8A5CC0-5674-44B3-92A2-E1E5C92E5043}.Release|Any CPU.ActiveCfg = Release|Any CPU
		{DC8A5CC0-5674-44B3-92A2-E1E5C92E5043}.Release|Any CPU.Build.0 = Release|Any CPU
		{4F5C4669-7067-448A-B0FE-C3B0199BD060}.Debug|Any CPU.ActiveCfg = Debug|Any CPU
		{4F5C4669-7067-448A-B0FE-C3B0199BD060}.Debug|Any CPU.Build.0 = Debug|Any CPU
		{4F5C4669-7067-448A-B0FE-C3B0199BD060}.Release|Any CPU.ActiveCfg = Release|Any CPU
		{4F5C4669-7067-448A-B0FE-C3B0199BD060}.Release|Any CPU.Build.0 = Release|Any CPU
		{29E30B30-3878-46DF-8B36-A1029A53307F}.Debug|Any CPU.ActiveCfg = Debug|Any CPU
		{29E30B30-3878-46DF-8B36-A1029A53307F}.Debug|Any CPU.Build.0 = Debug|Any CPU
		{29E30B30-3878-46DF-8B36-A1029A53307F}.Release|Any CPU.ActiveCfg = Release|Any CPU
		{29E30B30-3878-46DF-8B36-A1029A53307F}.Release|Any CPU.Build.0 = Release|Any CPU
		{A6A10BB2-5A02-484A-8FD1-5FC719EA9D77}.Debug|Any CPU.ActiveCfg = Debug|Any CPU
		{A6A10BB2-5A02-484A-8FD1-5FC719EA9D77}.Debug|Any CPU.Build.0 = Debug|Any CPU
		{A6A10BB2-5A02-484A-8FD1-5FC719EA9D77}.Release|Any CPU.ActiveCfg = Release|Any CPU
		{A6A10BB2-5A02-484A-8FD1-5FC719EA9D77}.Release|Any CPU.Build.0 = Release|Any CPU
		{37B8AB1E-3CFF-44F8-96A9-35020722C214}.Debug|Any CPU.ActiveCfg = Debug|Any CPU
		{37B8AB1E-3CFF-44F8-96A9-35020722C214}.Debug|Any CPU.Build.0 = Debug|Any CPU
		{37B8AB1E-3CFF-44F8-96A9-35020722C214}.Release|Any CPU.ActiveCfg = Release|Any CPU
		{37B8AB1E-3CFF-44F8-96A9-35020722C214}.Release|Any CPU.Build.0 = Release|Any CPU
	EndGlobalSection
	GlobalSection(SolutionProperties) = preSolution
		HideSolutionNode = FALSE
	EndGlobalSection
EndGlobal
